{
  "name": "fastapi-load-test",
  "lockfileVersion": 3,
  "requires": true,
  "packages": {
    "": {
      "dependencies": {
        "@openapitools/openapi-generator-cli": "^0.0.6"
      }
    },
    "node_modules/@openapitools/openapi-generator-cli": {
      "version": "0.0.6",
      "resolved": "https://registry.npmjs.org/@openapitools/openapi-generator-cli/-/openapi-generator-cli-0.0.6.tgz",
      "integrity": "sha512-QFqRzJ0xdAm9mFucYvWiVGedz2JH9l4KauEB2FEmnjRALDnbxCGF8walfeolWfHXjixQUfY+7zsq5wCmqbU6UA==",
      "license": "Apache-2.0",
      "dependencies": {
        "compare-versions": "3.4.0"
      },
      "bin": {
        "openapi-generator": "bin/openapi-generator"
      }
    },
    "node_modules/compare-versions": {
      "version": "3.4.0",
      "resolved": "https://registry.npmjs.org/compare-versions/-/compare-versions-3.4.0.tgz",
      "integrity": "sha512-tK69D7oNXXqUW3ZNo/z7NXTEz22TCF0pTE+YF9cxvaAM9XnkLo1fV621xCLrRR6aevJlKxExkss0vWqUCUpqdg==",
      "license": "MIT"
    }
  }
}
